// !$*UTF8*$!
{
	archiveVersion = 1;
	classes = {
	};
	objectVersion = 77;
	objects = {

/* Begin PBXContainerItemProxy section */
		8A2492982CB2DF6700F44A24 /* PBXContainerItemProxy */ = {
			isa = PBXContainerItemProxy;
			containerPortal = 8A24927F2CB2DF6600F44A24 /* Project object */;
			proxyType = 1;
			remoteGlobalIDString = 8A2492862CB2DF6600F44A24;
			remoteInfo = TransLingo;
		};
		8A2492A22CB2DF6800F44A24 /* PBXContainerItemProxy */ = {
			isa = PBXContainerItemProxy;
			containerPortal = 8A24927F2CB2DF6600F44A24 /* Project object */;
			proxyType = 1;
			remoteGlobalIDString = 8A2492862CB2DF6600F44A24;
			remoteInfo = TransLingo;
		};
/* End PBXContainerItemProxy section */

/* Begin PBXFileReference section */
		8A2492872CB2DF6600F44A24 /* TransLingo.app */ = {isa = PBXFileReference; explicitFileType = wrapper.application; includeInIndex = 0; path = TransLingo.app; sourceTree = BUILT_PRODUCTS_DIR; };
		8A2492972CB2DF6700F44A24 /* TransLingoTests.xctest */ = {isa = PBXFileReference; explicitFileType = wrapper.cfbundle; includeInIndex = 0; path = TransLingoTests.xctest; sourceTree = BUILT_PRODUCTS_DIR; };
		8A2492A12CB2DF6800F44A24 /* TransLingoUITests.xctest */ = {isa = PBXFileReference; explicitFileType = wrapper.cfbundle; includeInIndex = 0; path = TransLingoUITests.xctest; sourceTree = BUILT_PRODUCTS_DIR; };
/* End PBXFileReference section */

/* Begin PBXFileSystemSynchronizedRootGroup section */
		8A2492892CB2DF6600F44A24 /* TransLingo */ = {
			isa = PBXFileSystemSynchronizedRootGroup;
			path = TransLingo;
			sourceTree = "<group>";
		};
		8A24929A2CB2DF6700F44A24 /* TransLingoTests */ = {
			isa = PBXFileSystemSynchronizedRootGroup;
			path = TransLingoTests;
			sourceTree = "<group>";
		};
		8A2492A42CB2DF6800F44A24 /* TransLingoUITests */ = {
			isa = PBXFileSystemSynchronizedRootGroup;
			path = TransLingoUITests;
			sourceTree = "<group>";
		};
/* End PBXFileSystemSynchronizedRootGroup section */

/* Begin PBXFrameworksBuildPhase section */
		8A2492842CB2DF6600F44A24 /* Frameworks */ = {
			isa = PBXFrameworksBuildPhase;
			buildActionMask = 2147483647;
			files = (
			);
			runOnlyForDeploymentPostprocessing = 0;
		};
		8A2492942CB2DF6700F44A24 /* Frameworks */ = {
			isa = PBXFrameworksBuildPhase;
			buildActionMask = 2147483647;
			files = (
			);
			runOnlyForDeploymentPostprocessing = 0;
		};
		8A24929E2CB2DF6800F44A24 /* Frameworks */ = {
			isa = PBXFrameworksBuildPhase;
			buildActionMask = 2147483647;
			files = (
			);
			runOnlyForDeploymentPostprocessing = 0;
		};
/* End PBXFrameworksBuildPhase section */

/* Begin PBXGroup section */
		8A24927E2CB2DF6600F44A24 = {
			isa = PBXGroup;
			children = (
				8A2492892CB2DF6600F44A24 /* TransLingo */,
				8A24929A2CB2DF6700F44A24 /* TransLingoTests */,
				8A2492A42CB2DF6800F44A24 /* TransLingoUITests */,
				8A2492882CB2DF6600F44A24 /* Products */,
			);
			sourceTree = "<group>";
		};
		8A2492882CB2DF6600F44A24 /* Products */ = {
			isa = PBXGroup;
			children = (
				8A2492872CB2DF6600F44A24 /* TransLingo.app */,
				8A2492972CB2DF6700F44A24 /* TransLingoTests.xctest */,
				8A2492A12CB2DF6800F44A24 /* TransLingoUITests.xctest */,
			);
			name = Products;
			sourceTree = "<group>";
		};
/* End PBXGroup section */

/* Begin PBXNativeTarget section */
		8A2492862CB2DF6600F44A24 /* TransLingo */ = {
			isa = PBXNativeTarget;
			buildConfigurationList = 8A2492AB2CB2DF6800F44A24 /* Build configuration list for PBXNativeTarget "TransLingo" */;
			buildPhases = (
				8A2492832CB2DF6600F44A24 /* Sources */,
				8A2492842CB2DF6600F44A24 /* Frameworks */,
				8A2492852CB2DF6600F44A24 /* Resources */,
			);
			buildRules = (
			);
			dependencies = (
			);
			fileSystemSynchronizedGroups = (
				8A2492892CB2DF6600F44A24 /* TransLingo */,
			);
			name = TransLingo;
			packageProductDependencies = (
			);
			productName = TransLingo;
			productReference = 8A2492872CB2DF6600F44A24 /* TransLingo.app */;
			productType = "com.apple.product-type.application";
		};
		8A2492962CB2DF6700F44A24 /* TransLingoTests */ = {
			isa = PBXNativeTarget;
			buildConfigurationList = 8A2492AE2CB2DF6800F44A24 /* Build configuration list for PBXNativeTarget "TransLingoTests" */;
			buildPhases = (
				8A2492932CB2DF6700F44A24 /* Sources */,
				8A2492942CB2DF6700F44A24 /* Frameworks */,
				8A2492952CB2DF6700F44A24 /* Resources */,
			);
			buildRules = (
			);
			dependencies = (
				8A2492992CB2DF6700F44A24 /* PBXTargetDependency */,
			);
			fileSystemSynchronizedGroups = (
				8A24929A2CB2DF6700F44A24 /* TransLingoTests */,
			);
			name = TransLingoTests;
			packageProductDependencies = (
			);
			productName = TransLingoTests;
			productReference = 8A2492972CB2DF6700F44A24 /* TransLingoTests.xctest */;
			productType = "com.apple.product-type.bundle.unit-test";
		};
		8A2492A02CB2DF6800F44A24 /* TransLingoUITests */ = {
			isa = PBXNativeTarget;
			buildConfigurationList = 8A2492B12CB2DF6800F44A24 /* Build configuration list for PBXNativeTarget "TransLingoUITests" */;
			buildPhases = (
				8A24929D2CB2DF6800F44A24 /* Sources */,
				8A24929E2CB2DF6800F44A24 /* Frameworks */,
				8A24929F2CB2DF6800F44A24 /* Resources */,
			);
			buildRules = (
			);
			dependencies = (
				8A2492A32CB2DF6800F44A24 /* PBXTargetDependency */,
			);
			fileSystemSynchronizedGroups = (
				8A2492A42CB2DF6800F44A24 /* TransLingoUITests */,
			);
			name = TransLingoUITests;
			packageProductDependencies = (
			);
			productName = TransLingoUITests;
			productReference = 8A2492A12CB2DF6800F44A24 /* TransLingoUITests.xctest */;
			productType = "com.apple.product-type.bundle.ui-testing";
		};
/* End PBXNativeTarget section */

/* Begin PBXProject section */
		8A24927F2CB2DF6600F44A24 /* Project object */ = {
			isa = PBXProject;
			attributes = {
				BuildIndependentTargetsInParallel = 1;
				LastSwiftUpdateCheck = 1600;
				LastUpgradeCheck = 1600;
				TargetAttributes = {
					8A2492862CB2DF6600F44A24 = {
						CreatedOnToolsVersion = 16.0;
					};
					8A2492962CB2DF6700F44A24 = {
						CreatedOnToolsVersion = 16.0;
						TestTargetID = 8A2492862CB2DF6600F44A24;
					};
					8A2492A02CB2DF6800F44A24 = {
						CreatedOnToolsVersion = 16.0;
						TestTargetID = 8A2492862CB2DF6600F44A24;
					};
				};
			};
			buildConfigurationList = 8A2492822CB2DF6600F44A24 /* Build configuration list for PBXProject "TransLingo" */;
			developmentRegion = en;
			hasScannedForEncodings = 0;
			knownRegions = (
				en,
				Base,
			);
			mainGroup = 8A24927E2CB2DF6600F44A24;
			minimizedProjectReferenceProxies = 1;
			preferredProjectObjectVersion = 77;
			productRefGroup = 8A2492882CB2DF6600F44A24 /* Products */;
			projectDirPath = "";
			projectRoot = "";
			targets = (
				8A2492862CB2DF6600F44A24 /* TransLingo */,
				8A2492962CB2DF6700F44A24 /* TransLingoTests */,
				8A2492A02CB2DF6800F44A24 /* TransLingoUITests */,
			);
		};
/* End PBXProject section */

/* Begin PBXResourcesBuildPhase section */
		8A2492852CB2DF6600F44A24 /* Resources */ = {
			isa = PBXResourcesBuildPhase;
			buildActionMask = 2147483647;
			files = (
			);
			runOnlyForDeploymentPostprocessing = 0;
		};
		8A2492952CB2DF6700F44A24 /* Resources */ = {
			isa = PBXResourcesBuildPhase;
			buildActionMask = 2147483647;
			files = (
			);
			runOnlyForDeploymentPostprocessing = 0;
		};
		8A24929F2CB2DF6800F44A24 /* Resources */ = {
			isa = PBXResourcesBuildPhase;
			buildActionMask = 2147483647;
			files = (
			);
			runOnlyForDeploymentPostprocessing = 0;
		};
/* End PBXResourcesBuildPhase section */

/* Begin PBXSourcesBuildPhase section */
		8A2492832CB2DF6600F44A24 /* Sources */ = {
			isa = PBXSourcesBuildPhase;
			buildActionMask = 2147483647;
			files = (
			);
			runOnlyForDeploymentPostprocessing = 0;
		};
		8A2492932CB2DF6700F44A24 /* Sources */ = {
			isa = PBXSourcesBuildPhase;
			buildActionMask = 2147483647;
			files = (
			);
			runOnlyForDeploymentPostprocessing = 0;
		};
		8A24929D2CB2DF6800F44A24 /* Sources */ = {
			isa = PBXSourcesBuildPhase;
			buildActionMask = 2147483647;
			files = (
			);
			runOnlyForDeploymentPostprocessing = 0;
		};
/* End PBXSourcesBuildPhase section */

/* Begin PBXTargetDependency section */
		8A2492992CB2DF6700F44A24 /* PBXTargetDependency */ = {
			isa = PBXTargetDependency;
			target = 8A2492862CB2DF6600F44A24 /* TransLingo */;
			targetProxy = 8A2492982CB2DF6700F44A24 /* PBXContainerItemProxy */;
		};
		8A2492A32CB2DF6800F44A24 /* PBXTargetDependency */ = {
			isa = PBXTargetDependency;
			target = 8A2492862CB2DF6600F44A24 /* TransLingo */;
			targetProxy = 8A2492A22CB2DF6800F44A24 /* PBXContainerItemProxy */;
		};
/* End PBXTargetDependency section */

/* Begin XCBuildConfiguration section */
		8A2492A92CB2DF6800F44A24 /* Debug */ = {
			isa = XCBuildConfiguration;
			buildSettings = {
				ALWAYS_SEARCH_USER_PATHS = NO;
				ASSETCATALOG_COMPILER_GENERATE_SWIFT_ASSET_SYMBOL_EXTENSIONS = YES;
				CLANG_ANALYZER_NONNULL = YES;
				CLANG_ANALYZER_NUMBER_OBJECT_CONVERSION = YES_AGGRESSIVE;
				CLANG_CXX_LANGUAGE_STANDARD = "gnu++20";
				CLANG_ENABLE_MODULES = YES;
				CLANG_ENABLE_OBJC_ARC = YES;
				CLANG_ENABLE_OBJC_WEAK = YES;
				CLANG_WARN_BLOCK_CAPTURE_AUTORELEASING = YES;
				CLANG_WARN_BOOL_CONVERSION = YES;
				CLANG_WARN_COMMA = YES;
				CLANG_WARN_CONSTANT_CONVERSION = YES;
				CLANG_WARN_DEPRECATED_OBJC_IMPLEMENTATIONS = YES;
				CLANG_WARN_DIRECT_OBJC_ISA_USAGE = YES_ERROR;
				CLANG_WARN_DOCUMENTATION_COMMENTS = YES;
				CLANG_WARN_EMPTY_BODY = YES;
				CLANG_WARN_ENUM_CONVERSION = YES;
				CLANG_WARN_INFINITE_RECURSION = YES;
				CLANG_WARN_INT_CONVERSION = YES;
				CLANG_WARN_NON_LITERAL_NULL_CONVERSION = YES;
				CLANG_WARN_OBJC_IMPLICIT_RETAIN_SELF = YES;
				CLANG_WARN_OBJC_LITERAL_CONVERSION = YES;
				CLANG_WARN_OBJC_ROOT_CLASS = YES_ERROR;
				CLANG_WARN_QUOTED_INCLUDE_IN_FRAMEWORK_HEADER = YES;
				CLANG_WARN_RANGE_LOOP_ANALYSIS = YES;
				CLANG_WARN_STRICT_PROTOTYPES = YES;
				CLANG_WARN_SUSPICIOUS_MOVE = YES;
				CLANG_WARN_UNGUARDED_AVAILABILITY = YES_AGGRESSIVE;
				CLANG_WARN_UNREACHABLE_CODE = YES;
				CLANG_WARN__DUPLICATE_METHOD_MATCH = YES;
				COPY_PHASE_STRIP = NO;
				DEBUG_INFORMATION_FORMAT = dwarf;
				ENABLE_STRICT_OBJC_MSGSEND = YES;
				ENABLE_TESTABILITY = YES;
				ENABLE_USER_SCRIPT_SANDBOXING = YES;
				GCC_C_LANGUAGE_STANDARD = gnu17;
				GCC_DYNAMIC_NO_PIC = NO;
				GCC_NO_COMMON_BLOCKS = YES;
				GCC_OPTIMIZATION_LEVEL = 0;
				GCC_PREPROCESSOR_DEFINITIONS = (
					"DEBUG=1",
					"$(inherited)",
				);
				GCC_WARN_64_TO_32_BIT_CONVERSION = YES;
				GCC_WARN_ABOUT_RETURN_TYPE = YES_ERROR;
				GCC_WARN_UNDECLARED_SELECTOR = YES;
				GCC_WARN_UNINITIALIZED_AUTOS = YES_AGGRESSIVE;
				GCC_WARN_UNUSED_FUNCTION = YES;
				GCC_WARN_UNUSED_VARIABLE = YES;
				IPHONEOS_DEPLOYMENT_TARGET = 18.0;
				LOCALIZATION_PREFERS_STRING_CATALOGS = YES;
				MTL_ENABLE_DEBUG_INFO = INCLUDE_SOURCE;
				MTL_FAST_MATH = YES;
				ONLY_ACTIVE_ARCH = YES;
				SDKROOT = iphoneos;
				SWIFT_ACTIVE_COMPILATION_CONDITIONS = "DEBUG $(inherited)";
				SWIFT_OPTIMIZATION_LEVEL = "-Onone";
			};
			name = Debug;
		};
		8A2492AA2CB2DF6800F44A24 /* Release */ = {
			isa = XCBuildConfiguration;
			buildSettings = {
				ALWAYS_SEARCH_USER_PATHS = NO;
				ASSETCATALOG_COMPILER_GENERATE_SWIFT_ASSET_SYMBOL_EXTENSIONS = YES;
				CLANG_ANALYZER_NONNULL = YES;
				CLANG_ANALYZER_NUMBER_OBJECT_CONVERSION = YES_AGGRESSIVE;
				CLANG_CXX_LANGUAGE_STANDARD = "gnu++20";
				CLANG_ENABLE_MODULES = YES;
				CLANG_ENABLE_OBJC_ARC = YES;
				CLANG_ENABLE_OBJC_WEAK = YES;
				CLANG_WARN_BLOCK_CAPTURE_AUTORELEASING = YES;
				CLANG_WARN_BOOL_CONVERSION = YES;
				CLANG_WARN_COMMA = YES;
				CLANG_WARN_CONSTANT_CONVERSION = YES;
				CLANG_WARN_DEPRECATED_OBJC_IMPLEMENTATIONS = YES;
				CLANG_WARN_DIRECT_OBJC_ISA_USAGE = YES_ERROR;
				CLANG_WARN_DOCUMENTATION_COMMENTS = YES;
				CLANG_WARN_EMPTY_BODY = YES;
				CLANG_WARN_ENUM_CONVERSION = YES;
				CLANG_WARN_INFINITE_RECURSION = YES;
				CLANG_WARN_INT_CONVERSION = YES;
				CLANG_WARN_NON_LITERAL_NULL_CONVERSION = YES;
				CLANG_WARN_OBJC_IMPLICIT_RETAIN_SELF = YES;
				CLANG_WARN_OBJC_LITERAL_CONVERSION = YES;
				CLANG_WARN_OBJC_ROOT_CLASS = YES_ERROR;
				CLANG_WARN_QUOTED_INCLUDE_IN_FRAMEWORK_HEADER = YES;
				CLANG_WARN_RANGE_LOOP_ANALYSIS = YES;
				CLANG_WARN_STRICT_PROTOTYPES = YES;
				CLANG_WARN_SUSPICIOUS_MOVE = YES;
				CLANG_WARN_UNGUARDED_AVAILABILITY = YES_AGGRESSIVE;
				CLANG_WARN_UNREACHABLE_CODE = YES;
				CLANG_WARN__DUPLICATE_METHOD_MATCH = YES;
				COPY_PHASE_STRIP = NO;
				DEBUG_INFORMATION_FORMAT = "dwarf-with-dsym";
				ENABLE_NS_ASSERTIONS = NO;
				ENABLE_STRICT_OBJC_MSGSEND = YES;
				ENABLE_USER_SCRIPT_SANDBOXING = YES;
				GCC_C_LANGUAGE_STANDARD = gnu17;
				GCC_NO_COMMON_BLOCKS = YES;
				GCC_WARN_64_TO_32_BIT_CONVERSION = YES;
				GCC_WARN_ABOUT_RETURN_TYPE = YES_ERROR;
				GCC_WARN_UNDECLARED_SELECTOR = YES;
				GCC_WARN_UNINITIALIZED_AUTOS = YES_AGGRESSIVE;
				GCC_WARN_UNUSED_FUNCTION = YES;
				GCC_WARN_UNUSED_VARIABLE = YES;
				IPHONEOS_DEPLOYMENT_TARGET = 18.0;
				LOCALIZATION_PREFERS_STRING_CATALOGS = YES;
				MTL_ENABLE_DEBUG_INFO = NO;
				MTL_FAST_MATH = YES;
				SDKROOT = iphoneos;
				SWIFT_COMPILATION_MODE = wholemodule;
				VALIDATE_PRODUCT = YES;
			};
			name = Release;
		};
		8A2492AC2CB2DF6800F44A24 /* Debug */ = {
			isa = XCBuildConfiguration;
			buildSettings = {
				ASSETCATALOG_COMPILER_APPICON_NAME = AppIcon;
				ASSETCATALOG_COMPILER_GLOBAL_ACCENT_COLOR_NAME = AccentColor;
				CODE_SIGN_STYLE = Automatic;
				CURRENT_PROJECT_VERSION = 1;
				DEVELOPMENT_ASSET_PATHS = "\"TransLingo/Preview Content\"";
				DEVELOPMENT_TEAM = Q7BEAG244J;
				ENABLE_PREVIEWS = YES;
				GENERATE_INFOPLIST_FILE = YES;
				INFOPLIST_KEY_UIApplicationSceneManifest_Generation = YES;
				INFOPLIST_KEY_UIApplicationSupportsIndirectInputEvents = YES;
				INFOPLIST_KEY_UILaunchScreen_Generation = YES;
				INFOPLIST_KEY_UISupportedInterfaceOrientations_iPad = "UIInterfaceOrientationPortrait UIInterfaceOrientationPortraitUpsideDown UIInterfaceOrientationLandscapeLeft UIInterfaceOrientationLandscapeRight";
				INFOPLIST_KEY_UISupportedInterfaceOrientations_iPhone = "UIInterfaceOrientationPortrait UIInterfaceOrientationLandscapeLeft UIInterfaceOrientationLandscapeRight";
				LD_RUNPATH_SEARCH_PATHS = (
					"$(inherited)",
					"@executable_path/Frameworks",
				);
				MARKETING_VERSION = 1.0;
				PRODUCT_BUNDLE_IDENTIFIER = com.mightystrong.TransLingo;
				PRODUCT_NAME = "$(TARGET_NAME)";
				SWIFT_EMIT_LOC_STRINGS = YES;
				SWIFT_VERSION = 5.0;
				TARGETED_DEVICE_FAMILY = "1,2";
			};
			name = Debug;
		};
		8A2492AD2CB2DF6800F44A24 /* Release */ = {
			isa = XCBuildConfiguration;
			buildSettings = {
				ASSETCATALOG_COMPILER_APPICON_NAME = AppIcon;
				ASSETCATALOG_COMPILER_GLOBAL_ACCENT_COLOR_NAME = AccentColor;
				CODE_SIGN_STYLE = Automatic;
				CURRENT_PROJECT_VERSION = 1;
				DEVELOPMENT_ASSET_PATHS = "\"TransLingo/Preview Content\"";
				DEVELOPMENT_TEAM = Q7BEAG244J;
				ENABLE_PREVIEWS = YES;
				GENERATE_INFOPLIST_FILE = YES;
				INFOPLIST_KEY_UIApplicationSceneManifest_Generation = YES;
				INFOPLIST_KEY_UIApplicationSupportsIndirectInputEvents = YES;
				INFOPLIST_KEY_UILaunchScreen_Generation = YES;
				INFOPLIST_KEY_UISupportedInterfaceOrientations_iPad = "UIInterfaceOrientationPortrait UIInterfaceOrientationPortraitUpsideDown UIInterfaceOrientationLandscapeLeft UIInterfaceOrientationLandscapeRight";
				INFOPLIST_KEY_UISupportedInterfaceOrientations_iPhone = "UIInterfaceOrientationPortrait UIInterfaceOrientationLandscapeLeft UIInterfaceOrientationLandscapeRight";
				LD_RUNPATH_SEARCH_PATHS = (
					"$(inherited)",
					"@executable_path/Frameworks",
				);
				MARKETING_VERSION = 1.0;
				PRODUCT_BUNDLE_IDENTIFIER = com.mightystrong.TransLingo;
				PRODUCT_NAME = "$(TARGET_NAME)";
				SWIFT_EMIT_LOC_STRINGS = YES;
				SWIFT_VERSION = 5.0;
				TARGETED_DEVICE_FAMILY = "1,2";
			};
			name = Release;
		};
		8A2492AF2CB2DF6800F44A24 /* Debug */ = {
			isa = XCBuildConfiguration;
			buildSettings = {
				BUNDLE_LOADER = "$(TEST_HOST)";
				CODE_SIGN_STYLE = Automatic;
				CURRENT_PROJECT_VERSION = 1;
				DEVELOPMENT_TEAM = Q7BEAG244J;
				GENERATE_INFOPLIST_FILE = YES;
				IPHONEOS_DEPLOYMENT_TARGET = 18.0;
				MARKETING_VERSION = 1.0;
				PRODUCT_BUNDLE_IDENTIFIER = com.mightystrong.TransLingoTests;
				PRODUCT_NAME = "$(TARGET_NAME)";
				SWIFT_EMIT_LOC_STRINGS = NO;
				SWIFT_VERSION = 5.0;
				TARGETED_DEVICE_FAMILY = "1,2";
				TEST_HOST = "$(BUILT_PRODUCTS_DIR)/TransLingo.app/$(BUNDLE_EXECUTABLE_FOLDER_PATH)/TransLingo";
			};
			name = Debug;
		};
		8A2492B02CB2DF6800F44A24 /* Release */ = {
			isa = XCBuildConfiguration;
			buildSettings = {
				BUNDLE_LOADER = "$(TEST_HOST)";
				CODE_SIGN_STYLE = Automatic;
				CURRENT_PROJECT_VERSION = 1;
				DEVELOPMENT_TEAM = Q7BEAG244J;
				GENERATE_INFOPLIST_FILE = YES;
				IPHONEOS_DEPLOYMENT_TARGET = 18.0;
				MARKETING_VERSION = 1.0;
				PRODUCT_BUNDLE_IDENTIFIER = com.mightystrong.TransLingoTests;
				PRODUCT_NAME = "$(TARGET_NAME)";
				SWIFT_EMIT_LOC_STRINGS = NO;
				SWIFT_VERSION = 5.0;
				TARGETED_DEVICE_FAMILY = "1,2";
				TEST_HOST = "$(BUILT_PRODUCTS_DIR)/TransLingo.app/$(BUNDLE_EXECUTABLE_FOLDER_PATH)/TransLingo";
			};
			name = Release;
		};
		8A2492B22CB2DF6800F44A24 /* Debug */ = {
			isa = XCBuildConfiguration;
			buildSettings = {
				CODE_SIGN_STYLE = Automatic;
				CURRENT_PROJECT_VERSION = 1;
				DEVELOPMENT_TEAM = Q7BEAG244J;
				GENERATE_INFOPLIST_FILE = YES;
				MARKETING_VERSION = 1.0;
				PRODUCT_BUNDLE_IDENTIFIER = com.mightystrong.TransLingoUITests;
				PRODUCT_NAME = "$(TARGET_NAME)";
				SWIFT_EMIT_LOC_STRINGS = NO;
				SWIFT_VERSION = 5.0;
				TARGETED_DEVICE_FAMILY = "1,2";
				TEST_TARGET_NAME = TransLingo;
			};
			name = Debug;
		};
		8A2492B32CB2DF6800F44A24 /* Release */ = {
			isa = XCBuildConfiguration;
			buildSettings = {
				CODE_SIGN_STYLE = Automatic;
				CURRENT_PROJECT_VERSION = 1;
				DEVELOPMENT_TEAM = Q7BEAG244J;
				GENERATE_INFOPLIST_FILE = YES;
				MARKETING_VERSION = 1.0;
				PRODUCT_BUNDLE_IDENTIFIER = com.mightystrong.TransLingoUITests;
				PRODUCT_NAME = "$(TARGET_NAME)";
				SWIFT_EMIT_LOC_STRINGS = NO;
				SWIFT_VERSION = 5.0;
				TARGETED_DEVICE_FAMILY = "1,2";
				TEST_TARGET_NAME = TransLingo;
			};
			name = Release;
		};
/* End XCBuildConfiguration section */

/* Begin XCConfigurationList section */
		8A2492822CB2DF6600F44A24 /* Build configuration list for PBXProject "TransLingo" */ = {
			isa = XCConfigurationList;
			buildConfigurations = (
				8A2492A92CB2DF6800F44A24 /* Debug */,
				8A2492AA2CB2DF6800F44A24 /* Release */,
			);
			defaultConfigurationIsVisible = 0;
			defaultConfigurationName = Release;
		};
		8A2492AB2CB2DF6800F44A24 /* Build configuration list for PBXNativeTarget "TransLingo" */ = {
			isa = XCConfigurationList;
			buildConfigurations = (
				8A2492AC2CB2DF6800F44A24 /* Debug */,
				8A2492AD2CB2DF6800F44A24 /* Release */,
			);
			defaultConfigurationIsVisible = 0;
			defaultConfigurationName = Release;
		};
		8A2492AE2CB2DF6800F44A24 /* Build configuration list for PBXNativeTarget "TransLingoTests" */ = {
			isa = XCConfigurationList;
			buildConfigurations = (
				8A2492AF2CB2DF6800F44A24 /* Debug */,
				8A2492B02CB2DF6800F44A24 /* Release */,
			);
			defaultConfigurationIsVisible = 0;
			defaultConfigurationName = Release;
		};
		8A2492B12CB2DF6800F44A24 /* Build configuration list for PBXNativeTarget "TransLingoUITests" */ = {
			isa = XCConfigurationList;
			buildConfigurations = (
				8A2492B22CB2DF6800F44A24 /* Debug */,
				8A2492B32CB2DF6800F44A24 /* Release */,
			);
			defaultConfigurationIsVisible = 0;
			defaultConfigurationName = Release;
		};
/* End XCConfigurationList section */
	};
	rootObject = 8A24927F2CB2DF6600F44A24 /* Project object */;
}
